// !$*UTF8*$!
{
	archiveVersion = 1;
	classes = {
	};
	objectVersion = 50;
	objects = {

/* Begin PBXBuildFile section */
		FFC7F43A272958BB00EB4CDA /* AppDelegate.swift in Sources */ = {isa = PBXBuildFile; fileRef = FFC7F439272958BB00EB4CDA /* AppDelegate.swift */; };
		FFC7F43C272958BB00EB4CDA /* SceneDelegate.swift in Sources */ = {isa = PBXBuildFile; fileRef = FFC7F43B272958BB00EB4CDA /* SceneDelegate.swift */; };
		FFC7F43E272958BB00EB4CDA /* ViewController.swift in Sources */ = {isa = PBXBuildFile; fileRef = FFC7F43D272958BB00EB4CDA /* ViewController.swift */; };
		FFC7F441272958BB00EB4CDA /* Main.storyboard in Resources */ = {isa = PBXBuildFile; fileRef = FFC7F43F272958BB00EB4CDA /* Main.storyboard */; };
		FFC7F443272958BD00EB4CDA /* Assets.xcassets in Resources */ = {isa = PBXBuildFile; fileRef = FFC7F442272958BD00EB4CDA /* Assets.xcassets */; };
		FFC7F446272958BD00EB4CDA /* LaunchScreen.storyboard in Resources */ = {isa = PBXBuildFile; fileRef = FFC7F444272958BD00EB4CDA /* LaunchScreen.storyboard */; };
/* End PBXBuildFile section */

/* Begin PBXFileReference section */
		FFC7F436272958BB00EB4CDA /* carWash.app */ = {isa = PBXFileReference; explicitFileType = wrapper.application; includeInIndex = 0; path = carWash.app; sourceTree = BUILT_PRODUCTS_DIR; };
		FFC7F439272958BB00EB4CDA /* AppDelegate.swift */ = {isa = PBXFileReference; lastKnownFileType = sourcecode.swift; path = AppDelegate.swift; sourceTree = "<group>"; };
		FFC7F43B272958BB00EB4CDA /* SceneDelegate.swift */ = {isa = PBXFileReference; lastKnownFileType = sourcecode.swift; path = SceneDelegate.swift; sourceTree = "<group>"; };
		FFC7F43D272958BB00EB4CDA /* ViewController.swift */ = {isa = PBXFileReference; lastKnownFileType = sourcecode.swift; path = ViewController.swift; sourceTree = "<group>"; };
		FFC7F440272958BB00EB4CDA /* Base */ = {isa = PBXFileReference; lastKnownFileType = file.storyboard; name = Base; path = Base.lproj/Main.storyboard; sourceTree = "<group>"; };
		FFC7F442272958BD00EB4CDA /* Assets.xcassets */ = {isa = PBXFileReference; lastKnownFileType = folder.assetcatalog; path = Assets.xcassets; sourceTree = "<group>"; };
		FFC7F445272958BD00EB4CDA /* Base */ = {isa = PBXFileReference; lastKnownFileType = file.storyboard; name = Base; path = Base.lproj/LaunchScreen.storyboard; sourceTree = "<group>"; };
		FFC7F447272958BD00EB4CDA /* Info.plist */ = {isa = PBXFileReference; lastKnownFileType = text.plist.xml; path = Info.plist; sourceTree = "<group>"; };
/* End PBXFileReference section */

/* Begin PBXFrameworksBuildPhase section */
		FFC7F433272958BB00EB4CDA /* Frameworks */ = {
			isa = PBXFrameworksBuildPhase;
			buildActionMask = 2147483647;
			files = (
			);
			runOnlyForDeploymentPostprocessing = 0;
		};
/* End PBXFrameworksBuildPhase section */

/* Begin PBXGroup section */
		FFC7F42D272958BB00EB4CDA = {
			isa = PBXGroup;
			children = (
				FFC7F438272958BB00EB4CDA /* carWash */,
				FFC7F437272958BB00EB4CDA /* Products */,
			);
			sourceTree = "<group>";
		};
		FFC7F437272958BB00EB4CDA /* Products */ = {
			isa = PBXGroup;
			children = (
				FFC7F436272958BB00EB4CDA /* carWash.app */,
			);
			name = Products;
			sourceTree = "<group>";
		};
		FFC7F438272958BB00EB4CDA /* carWash */ = {
			isa = PBXGroup;
			children = (
				FFC7F439272958BB00EB4CDA /* AppDelegate.swift */,
				FFC7F43B272958BB00EB4CDA /* SceneDelegate.swift */,
				FFC7F43D272958BB00EB4CDA /* ViewController.swift */,
				FFC7F43F272958BB00EB4CDA /* Main.storyboard */,
				FFC7F442272958BD00EB4CDA /* Assets.xcassets */,
				FFC7F444272958BD00EB4CDA /* LaunchScreen.storyboard */,
				FFC7F447272958BD00EB4CDA /* Info.plist */,
			);
			path = carWash;
			sourceTree = "<group>";
		};
/* End PBXGroup section */

/* Begin PBXNativeTarget section */
		FFC7F435272958BB00EB4CDA /* carWash */ = {
			isa = PBXNativeTarget;
			buildConfigurationList = FFC7F44A272958BD00EB4CDA /* Build configuration list for PBXNativeTarget "carWash" */;
			buildPhases = (
				FFC7F432272958BB00EB4CDA /* Sources */,
				FFC7F433272958BB00EB4CDA /* Frameworks */,
				FFC7F434272958BB00EB4CDA /* Resources */,
			);
			buildRules = (
			);
			dependencies = (
			);
			name = carWash;
			productName = carWash;
			productReference = FFC7F436272958BB00EB4CDA /* carWash.app */;
			productType = "com.apple.product-type.application";
		};
/* End PBXNativeTarget section */

/* Begin PBXProject section */
		FFC7F42E272958BB00EB4CDA /* Project object */ = {
			isa = PBXProject;
			attributes = {
				LastSwiftUpdateCheck = 1250;
				LastUpgradeCheck = 1250;
				TargetAttributes = {
					FFC7F435272958BB00EB4CDA = {
						CreatedOnToolsVersion = 12.5;
					};
				};
			};
			buildConfigurationList = FFC7F431272958BB00EB4CDA /* Build configuration list for PBXProject "carWash" */;
			compatibilityVersion = "Xcode 9.3";
			developmentRegion = en;
			hasScannedForEncodings = 0;
			knownRegions = (
				en,
				Base,
			);
			mainGroup = FFC7F42D272958BB00EB4CDA;
			productRefGroup = FFC7F437272958BB00EB4CDA /* Products */;
			projectDirPath = "";
			projectRoot = "";
			targets = (
				FFC7F435272958BB00EB4CDA /* carWash */,
			);
		};
/* End PBXProject section */

/* Begin PBXResourcesBuildPhase section */
		FFC7F434272958BB00EB4CDA /* Resources */ = {
			isa = PBXResourcesBuildPhase;
			buildActionMask = 2147483647;
			files = (
				FFC7F446272958BD00EB4CDA /* LaunchScreen.storyboard in Resources */,
				FFC7F443272958BD00EB4CDA /* Assets.xcassets in Resources */,
				FFC7F441272958BB00EB4CDA /* Main.storyboard in Resources */,
			);
			runOnlyForDeploymentPostprocessing = 0;
		};
/* End PBXResourcesBuildPhase section */

/* Begin PBXSourcesBuildPhase section */
		FFC7F432272958BB00EB4CDA /* Sources */ = {
			isa = PBXSourcesBuildPhase;
			buildActionMask = 2147483647;
			files = (
				FFC7F43E272958BB00EB4CDA /* ViewController.swift in Sources */,
				FFC7F43A272958BB00EB4CDA /* AppDelegate.swift in Sources */,
				FFC7F43C272958BB00EB4CDA /* SceneDelegate.swift in Sources */,
			);
			runOnlyForDeploymentPostprocessing = 0;
		};
/* End PBXSourcesBuildPhase section */

/* Begin PBXVariantGroup section */
		FFC7F43F272958BB00EB4CDA /* Main.storyboard */ = {
			isa = PBXVariantGroup;
			children = (
				FFC7F440272958BB00EB4CDA /* Base */,
			);
			name = Main.storyboard;
			sourceTree = "<group>";
		};
		FFC7F444272958BD00EB4CDA /* LaunchScreen.storyboard */ = {
			isa = PBXVariantGroup;
			children = (
				FFC7F445272958BD00EB4CDA /* Base */,
			);
			name = LaunchScreen.storyboard;
			sourceTree = "<group>";
		};
/* End PBXVariantGroup section */

/* Begin XCBuildConfiguration section */
		FFC7F448272958BD00EB4CDA /* Debug */ = {
			isa = XCBuildConfiguration;
			buildSettings = {
				ALWAYS_SEARCH_USER_PATHS = NO;
				CLANG_ANALYZER_NONNULL = YES;
				CLANG_ANALYZER_NUMBER_OBJECT_CONVERSION = YES_AGGRESSIVE;
				CLANG_CXX_LANGUAGE_STANDARD = "gnu++14";
				CLANG_CXX_LIBRARY = "libc++";
				CLANG_ENABLE_MODULES = YES;
				CLANG_ENABLE_OBJC_ARC = YES;
				CLANG_ENABLE_OBJC_WEAK = YES;
				CLANG_WARN_BLOCK_CAPTURE_AUTORELEASING = YES;
				CLANG_WARN_BOOL_CONVERSION = YES;
				CLANG_WARN_COMMA = YES;
				CLANG_WARN_CONSTANT_CONVERSION = YES;
				CLANG_WARN_DEPRECATED_OBJC_IMPLEMENTATIONS = YES;
				CLANG_WARN_DIRECT_OBJC_ISA_USAGE = YES_ERROR;
				CLANG_WARN_DOCUMENTATION_COMMENTS = YES;
				CLANG_WARN_EMPTY_BODY = YES;
				CLANG_WARN_ENUM_CONVERSION = YES;
				CLANG_WARN_INFINITE_RECURSION = YES;
				CLANG_WARN_INT_CONVERSION = YES;
				CLANG_WARN_NON_LITERAL_NULL_CONVERSION = YES;
				CLANG_WARN_OBJC_IMPLICIT_RETAIN_SELF = YES;
				CLANG_WARN_OBJC_LITERAL_CONVERSION = YES;
				CLANG_WARN_OBJC_ROOT_CLASS = YES_ERROR;
				CLANG_WARN_QUOTED_INCLUDE_IN_FRAMEWORK_HEADER = YES;
				CLANG_WARN_RANGE_LOOP_ANALYSIS = YES;
				CLANG_WARN_STRICT_PROTOTYPES = YES;
				CLANG_WARN_SUSPICIOUS_MOVE = YES;
				CLANG_WARN_UNGUARDED_AVAILABILITY = YES_AGGRESSIVE;
				CLANG_WARN_UNREACHABLE_CODE = YES;
				CLANG_WARN__DUPLICATE_METHOD_MATCH = YES;
				COPY_PHASE_STRIP = NO;
				DEBUG_INFORMATION_FORMAT = dwarf;
				ENABLE_STRICT_OBJC_MSGSEND = YES;
				ENABLE_TESTABILITY = YES;
				GCC_C_LANGUAGE_STANDARD = gnu11;
				GCC_DYNAMIC_NO_PIC = NO;
				GCC_NO_COMMON_BLOCKS = YES;
				GCC_OPTIMIZATION_LEVEL = 0;
				GCC_PREPROCESSOR_DEFINITIONS = (
					"DEBUG=1",
					"$(inherited)",
				);
				GCC_WARN_64_TO_32_BIT_CONVERSION = YES;
				GCC_WARN_ABOUT_RETURN_TYPE = YES_ERROR;
				GCC_WARN_UNDECLARED_SELECTOR = YES;
				GCC_WARN_UNINITIALIZED_AUTOS = YES_AGGRESSIVE;
				GCC_WARN_UNUSED_FUNCTION = YES;
				GCC_WARN_UNUSED_VARIABLE = YES;
				IPHONEOS_DEPLOYMENT_TARGET = 14.5;
				MTL_ENABLE_DEBUG_INFO = INCLUDE_SOURCE;
				MTL_FAST_MATH = YES;
				ONLY_ACTIVE_ARCH = YES;
				SDKROOT = iphoneos;
				SWIFT_ACTIVE_COMPILATION_CONDITIONS = DEBUG;
				SWIFT_OPTIMIZATION_LEVEL = "-Onone";
			};
			name = Debug;
		};
		FFC7F449272958BD00EB4CDA /* Release */ = {
			isa = XCBuildConfiguration;
			buildSettings = {
				ALWAYS_SEARCH_USER_PATHS = NO;
				CLANG_ANALYZER_NONNULL = YES;
				CLANG_ANALYZER_NUMBER_OBJECT_CONVERSION = YES_AGGRESSIVE;
				CLANG_CXX_LANGUAGE_STANDARD = "gnu++14";
				CLANG_CXX_LIBRARY = "libc++";
				CLANG_ENABLE_MODULES = YES;
				CLANG_ENABLE_OBJC_ARC = YES;
				CLANG_ENABLE_OBJC_WEAK = YES;
				CLANG_WARN_BLOCK_CAPTURE_AUTORELEASING = YES;
				CLANG_WARN_BOOL_CONVERSION = YES;
				CLANG_WARN_COMMA = YES;
				CLANG_WARN_CONSTANT_CONVERSION = YES;
				CLANG_WARN_DEPRECATED_OBJC_IMPLEMENTATIONS = YES;
				CLANG_WARN_DIRECT_OBJC_ISA_USAGE = YES_ERROR;
				CLANG_WARN_DOCUMENTATION_COMMENTS = YES;
				CLANG_WARN_EMPTY_BODY = YES;
				CLANG_WARN_ENUM_CONVERSION = YES;
				CLANG_WARN_INFINITE_RECURSION = YES;
				CLANG_WARN_INT_CONVERSION = YES;
				CLANG_WARN_NON_LITERAL_NULL_CONVERSION = YES;
				CLANG_WARN_OBJC_IMPLICIT_RETAIN_SELF = YES;
				CLANG_WARN_OBJC_LITERAL_CONVERSION = YES;
				CLANG_WARN_OBJC_ROOT_CLASS = YES_ERROR;
				CLANG_WARN_QUOTED_INCLUDE_IN_FRAMEWORK_HEADER = YES;
				CLANG_WARN_RANGE_LOOP_ANALYSIS = YES;
				CLANG_WARN_STRICT_PROTOTYPES = YES;
				CLANG_WARN_SUSPICIOUS_MOVE = YES;
				CLANG_WARN_UNGUARDED_AVAILABILITY = YES_AGGRESSIVE;
				CLANG_WARN_UNREACHABLE_CODE = YES;
				CLANG_WARN__DUPLICATE_METHOD_MATCH = YES;
				COPY_PHASE_STRIP = NO;
				DEBUG_INFORMATION_FORMAT = "dwarf-with-dsym";
				ENABLE_NS_ASSERTIONS = NO;
				ENABLE_STRICT_OBJC_MSGSEND = YES;
				GCC_C_LANGUAGE_STANDARD = gnu11;
				GCC_NO_COMMON_BLOCKS = YES;
				GCC_WARN_64_TO_32_BIT_CONVERSION = YES;
				GCC_WARN_ABOUT_RETURN_TYPE = YES_ERROR;
				GCC_WARN_UNDECLARED_SELECTOR = YES;
				GCC_WARN_UNINITIALIZED_AUTOS = YES_AGGRESSIVE;
				GCC_WARN_UNUSED_FUNCTION = YES;
				GCC_WARN_UNUSED_VARIABLE = YES;
				IPHONEOS_DEPLOYMENT_TARGET = 14.5;
				MTL_ENABLE_DEBUG_INFO = NO;
				MTL_FAST_MATH = YES;
				SDKROOT = iphoneos;
				SWIFT_COMPILATION_MODE = wholemodule;
				SWIFT_OPTIMIZATION_LEVEL = "-O";
				VALIDATE_PRODUCT = YES;
			};
			name = Release;
		};
		FFC7F44B272958BD00EB4CDA /* Debug */ = {
			isa = XCBuildConfiguration;
			buildSettings = {
				ASSETCATALOG_COMPILER_APPICON_NAME = AppIcon;
				ASSETCATALOG_COMPILER_GLOBAL_ACCENT_COLOR_NAME = AccentColor;
				CODE_SIGN_STYLE = Automatic;
				DEVELOPMENT_TEAM = 8QA638WFAT;
				INFOPLIST_FILE = carWash/Info.plist;
				LD_RUNPATH_SEARCH_PATHS = (
					"$(inherited)",
					"@executable_path/Frameworks",
				);
				PRODUCT_BUNDLE_IDENTIFIER = carwash.com.carWash;
				PRODUCT_NAME = "$(TARGET_NAME)";
				SWIFT_VERSION = 5.0;
				TARGETED_DEVICE_FAMILY = "1,2";
			};
			name = Debug;
		};
		FFC7F44C272958BD00EB4CDA /* Release */ = {
			isa = XCBuildConfiguration;
			buildSettings = {
				ASSETCATALOG_COMPILER_APPICON_NAME = AppIcon;
				ASSETCATALOG_COMPILER_GLOBAL_ACCENT_COLOR_NAME = AccentColor;
				CODE_SIGN_STYLE = Automatic;
				DEVELOPMENT_TEAM = 8QA638WFAT;
				INFOPLIST_FILE = carWash/Info.plist;
				LD_RUNPATH_SEARCH_PATHS = (
					"$(inherited)",
					"@executable_path/Frameworks",
				);
				PRODUCT_BUNDLE_IDENTIFIER = carwash.com.carWash;
				PRODUCT_NAME = "$(TARGET_NAME)";
				SWIFT_VERSION = 5.0;
				TARGETED_DEVICE_FAMILY = "1,2";
			};
			name = Release;
		};
/* End XCBuildConfiguration section */

/* Begin XCConfigurationList section */
		FFC7F431272958BB00EB4CDA /* Build configuration list for PBXProject "carWash" */ = {
			isa = XCConfigurationList;
			buildConfigurations = (
				FFC7F448272958BD00EB4CDA /* Debug */,
				FFC7F449272958BD00EB4CDA /* Release */,
			);
			defaultConfigurationIsVisible = 0;
			defaultConfigurationName = Release;
		};
		FFC7F44A272958BD00EB4CDA /* Build configuration list for PBXNativeTarget "carWash" */ = {
			isa = XCConfigurationList;
			buildConfigurations = (
				FFC7F44B272958BD00EB4CDA /* Debug */,
				FFC7F44C272958BD00EB4CDA /* Release */,
			);
			defaultConfigurationIsVisible = 0;
			defaultConfigurationName = Release;
		};
/* End XCConfigurationList section */
	};
	rootObject = FFC7F42E272958BB00EB4CDA /* Project object */;
}
